
Microsoft Visual Studio Solution File, Format Version 12.00
# Visual Studio Version 16
VisualStudioVersion = 16.0.30104.148
MinimumVisualStudioVersion = 10.0.40219.1
Project("{8BC9CEB8-8B4A-11D0-8D11-00A0C91BC942}") = "AVLtree", "AVLtree.vcxproj", "{CD44C634-0E98-4F31-B08D-D713FB85B19A}"
EndProject
Global
	GlobalSection(SolutionConfigurationPlatforms) = preSolution
		Debug|x64 = Debug|x64
		Debug|x86 = Debug|x86
		Release|x64 = Release|x64
		Release|x86 = Release|x86
	EndGlobalSection
	GlobalSection(ProjectConfigurationPlatforms) = postSolution
		{CD44C634-0E98-4F31-B08D-D713FB85B19A}.Debug|x64.ActiveCfg = Debug|x64
		{CD44C634-0E98-4F31-B08D-D713FB85B19A}.Debug|x64.Build.0 = Debug|x64
		{CD44C634-0E98-4F31-B08D-D713FB85B19A}.Debug|x86.ActiveCfg = Debug|Win32
		{CD44C634-0E98-4F31-B08D-D713FB85B19A}.Debug|x86.Build.0 = Debug|Win32
		{CD44C634-0E98-4F31-B08D-D713FB85B19A}.Release|x64.ActiveCfg = Release|x64
		{CD44C634-0E98-4F31-B08D-D713FB85B19A}.Release|x64.Build.0 = Release|x64
		{CD44C634-0E98-4F31-B08D-D713FB85B19A}.Release|x86.ActiveCfg = Release|Win32
		{CD44C634-0E98-4F31-B08D-D713FB85B19A}.Release|x86.Build.0 = Release|Win32
	EndGlobalSection
	GlobalSection(SolutionProperties) = preSolution
		HideSolutionNode = FALSE
	EndGlobalSection
	GlobalSection(ExtensibilityGlobals) = postSolution
		SolutionGuid = {DE41AF85-712C-4A88-9896-E6131D3F47BE}
	EndGlobalSection
EndGlobal
